
Microsoft Visual Studio Solution File, Format Version 12.00
# Visual Studio Version 17
VisualStudioVersion = 17.2.32516.85
MinimumVisualStudioVersion = 10.0.40219.1
Project("{FAE04EC0-301F-11D3-BF4B-00C04F79EFBC}") = "CowboysManager", "CowboysManager\CowboysManager.csproj", "{43DB2121-5EE7-4629-AD19-405AA7DB9396}"
EndProject
Project("{FAE04EC0-301F-11D3-BF4B-00C04F79EFBC}") = "CowboysManager.Core", "CowboysManager.Core\CowboysManager.Core.csproj", "{3E933AD6-FD11-41C7-BD6D-20C1778F51B1}"
EndProject
Project("{FAE04EC0-301F-11D3-BF4B-00C04F79EFBC}") = "CowboysManager.Infrastructure", "CowboysManager.Infrastructure\CowboysManager.Infrastructure.csproj", "{EE8F69B6-9E6C-4E1A-89E9-5F90F97D9CF1}"
EndProject
Project("{FAE04EC0-301F-11D3-BF4B-00C04F79EFBC}") = "CowboysManager.UnitTests", "CowboysManager.UnitTests\CowboysManager.UnitTests.csproj", "{7BB4B691-9555-46EF-9F7E-A7D6E15B3F2A}"
EndProject
Project("{FAE04EC0-301F-11D3-BF4B-00C04F79EFBC}") = "CowboysManager.Specflow", "CowboysManager.Specflow\CowboysManager.Specflow.csproj", "{20A37FB8-603D-4AE3-9968-01E9DF4FE147}"
EndProject
Global
	GlobalSection(SolutionConfigurationPlatforms) = preSolution
		Debug|Any CPU = Debug|Any CPU
		Release|Any CPU = Release|Any CPU
	EndGlobalSection
	GlobalSection(ProjectConfigurationPlatforms) = postSolution
		{43DB2121-5EE7-4629-AD19-405AA7DB9396}.Debug|Any CPU.ActiveCfg = Debug|Any CPU
		{43DB2121-5EE7-4629-AD19-405AA7DB9396}.Debug|Any CPU.Build.0 = Debug|Any CPU
		{43DB2121-5EE7-4629-AD19-405AA7DB9396}.Release|Any CPU.ActiveCfg = Release|Any CPU
		{43DB2121-5EE7-4629-AD19-405AA7DB9396}.Release|Any CPU.Build.0 = Release|Any CPU
		{3E933AD6-FD11-41C7-BD6D-20C1778F51B1}.Debug|Any CPU.ActiveCfg = Debug|Any CPU
		{3E933AD6-FD11-41C7-BD6D-20C1778F51B1}.Debug|Any CPU.Build.0 = Debug|Any CPU
		{3E933AD6-FD11-41C7-BD6D-20C1778F51B1}.Release|Any CPU.ActiveCfg = Release|Any CPU
		{3E933AD6-FD11-41C7-BD6D-20C1778F51B1}.Release|Any CPU.Build.0 = Release|Any CPU
		{EE8F69B6-9E6C-4E1A-89E9-5F90F97D9CF1}.Debug|Any CPU.ActiveCfg = Debug|Any CPU
		{EE8F69B6-9E6C-4E1A-89E9-5F90F97D9CF1}.Debug|Any CPU.Build.0 = Debug|Any CPU
		{EE8F69B6-9E6C-4E1A-89E9-5F90F97D9CF1}.Release|Any CPU.ActiveCfg = Release|Any CPU
		{EE8F69B6-9E6C-4E1A-89E9-5F90F97D9CF1}.Release|Any CPU.Build.0 = Release|Any CPU
		{7BB4B691-9555-46EF-9F7E-A7D6E15B3F2A}.Debug|Any CPU.ActiveCfg = Debug|Any CPU
		{7BB4B691-9555-46EF-9F7E-A7D6E15B3F2A}.Debug|Any CPU.Build.0 = Debug|Any CPU
		{7BB4B691-9555-46EF-9F7E-A7D6E15B3F2A}.Release|Any CPU.ActiveCfg = Release|Any CPU
		{7BB4B691-9555-46EF-9F7E-A7D6E15B3F2A}.Release|Any CPU.Build.0 = Release|Any CPU
		{20A37FB8-603D-4AE3-9968-01E9DF4FE147}.Debug|Any CPU.ActiveCfg = Debug|Any CPU
		{20A37FB8-603D-4AE3-9968-01E9DF4FE147}.Debug|Any CPU.Build.0 = Debug|Any CPU
		{20A37FB8-603D-4AE3-9968-01E9DF4FE147}.Release|Any CPU.ActiveCfg = Release|Any CPU
		{20A37FB8-603D-4AE3-9968-01E9DF4FE147}.Release|Any CPU.Build.0 = Release|Any CPU
	EndGlobalSection
	GlobalSection(SolutionProperties) = preSolution
		HideSolutionNode = FALSE
	EndGlobalSection
	GlobalSection(ExtensibilityGlobals) = postSolution
		SolutionGuid = {AE1904CD-3B6A-4211-BDA5-78E6FE53BD72}
	EndGlobalSection
EndGlobal
